// !$*UTF8*$!
{
	archiveVersion = 1;
	classes = {
	};
	objectVersion = 55;
	objects = {

/* Begin PBXBuildFile section */
		82755C1A274E63880018B691 /* MatchView.swift in Sources */ = {isa = PBXBuildFile; fileRef = 82755C19274E63880018B691 /* MatchView.swift */; };
		82755C1C274F71A80018B691 /* SendMessageButton.swift in Sources */ = {isa = PBXBuildFile; fileRef = 82755C1B274F71A80018B691 /* SendMessageButton.swift */; };
		82755C1E274F78DF0018B691 /* KeepSwipingButton.swift in Sources */ = {isa = PBXBuildFile; fileRef = 82755C1D274F78DF0018B691 /* KeepSwipingButton.swift */; };
		82755C212750CD050018B691 /* MatchMessagesController.swift in Sources */ = {isa = PBXBuildFile; fileRef = 82755C202750CD050018B691 /* MatchMessagesController.swift */; };
		82755C232750DB380018B691 /* UILabel.swift in Sources */ = {isa = PBXBuildFile; fileRef = 82755C222750DB380018B691 /* UILabel.swift */; };
		82755C252754AE3E0018B691 /* MatchesTopNavigationBar.swift in Sources */ = {isa = PBXBuildFile; fileRef = 82755C242754AE3E0018B691 /* MatchesTopNavigationBar.swift */; };
		827FF1D02727FAB3007E6B84 /* AppDelegate.swift in Sources */ = {isa = PBXBuildFile; fileRef = 827FF1CF2727FAB3007E6B84 /* AppDelegate.swift */; };
		827FF1D22727FAB3007E6B84 /* SceneDelegate.swift in Sources */ = {isa = PBXBuildFile; fileRef = 827FF1D12727FAB3007E6B84 /* SceneDelegate.swift */; };
		827FF1D42727FAB3007E6B84 /* HomeController.swift in Sources */ = {isa = PBXBuildFile; fileRef = 827FF1D32727FAB3007E6B84 /* HomeController.swift */; };
		827FF1D72727FAB3007E6B84 /* Main.storyboard in Resources */ = {isa = PBXBuildFile; fileRef = 827FF1D52727FAB3007E6B84 /* Main.storyboard */; };
		827FF1D92727FAB5007E6B84 /* info_icon.png.xcassets in Resources */ = {isa = PBXBuildFile; fileRef = 827FF1D82727FAB5007E6B84 /* info_icon.png.xcassets */; };
		827FF1DC2727FAB5007E6B84 /* LaunchScreen.storyboard in Resources */ = {isa = PBXBuildFile; fileRef = 827FF1DA2727FAB5007E6B84 /* LaunchScreen.storyboard */; };
		827FF1E527283BF2007E6B84 /* UIview.swift in Sources */ = {isa = PBXBuildFile; fileRef = 827FF1E427283BF2007E6B84 /* UIview.swift */; };
		82BE12CB27292B0200DDE023 /* HomeBottomControlsStackView.swift in Sources */ = {isa = PBXBuildFile; fileRef = 82BE12CA27292B0200DDE023 /* HomeBottomControlsStackView.swift */; };
		82BE12CD2729402100DDE023 /* HomeTopNavigationStackView.swift in Sources */ = {isa = PBXBuildFile; fileRef = 82BE12CC2729402100DDE023 /* HomeTopNavigationStackView.swift */; };
		82BE12CF2729565E00DDE023 /* CardView.swift in Sources */ = {isa = PBXBuildFile; fileRef = 82BE12CE2729565E00DDE023 /* CardView.swift */; };
		82CC1A6D2744E4C700BA4216 /* UserDetailsController.swift in Sources */ = {isa = PBXBuildFile; fileRef = 82CC1A6C2744E4C700BA4216 /* UserDetailsController.swift */; };
		82CC1A6F2746416B00BA4216 /* CustomTextField.swift in Sources */ = {isa = PBXBuildFile; fileRef = 82CC1A6E2746416B00BA4216 /* CustomTextField.swift */; };
		82CC1A7127464AEC00BA4216 /* SwipingPhotosController.swift in Sources */ = {isa = PBXBuildFile; fileRef = 82CC1A7027464AEC00BA4216 /* SwipingPhotosController.swift */; };
		82E70E8D27301A4300F6A8A7 /* User.swift in Sources */ = {isa = PBXBuildFile; fileRef = 82E70E8C27301A4300F6A8A7 /* User.swift */; };
		82E70E912731168A00F6A8A7 /* CardViewModel.swift in Sources */ = {isa = PBXBuildFile; fileRef = 82E70E902731168A00F6A8A7 /* CardViewModel.swift */; };
		82E70E9327312EFF00F6A8A7 /* Advertiser.swift in Sources */ = {isa = PBXBuildFile; fileRef = 82E70E9227312EFF00F6A8A7 /* Advertiser.swift */; };
		82E70E952733B7F000F6A8A7 /* RegistrationController.swift in Sources */ = {isa = PBXBuildFile; fileRef = 82E70E942733B7EF00F6A8A7 /* RegistrationController.swift */; };
		82E70E9927354D2500F6A8A7 /* RegistrationViewModel.swift in Sources */ = {isa = PBXBuildFile; fileRef = 82E70E9827354D2500F6A8A7 /* RegistrationViewModel.swift */; };
		82E70E9D27395E2E00F6A8A7 /* Observable.swift in Sources */ = {isa = PBXBuildFile; fileRef = 82E70E9C27395E2E00F6A8A7 /* Observable.swift */; };
		82E70E9F273CEA2600F6A8A7 /* SettingsController.swift in Sources */ = {isa = PBXBuildFile; fileRef = 82E70E9E273CEA2600F6A8A7 /* SettingsController.swift */; };
		82E70EA1273D15C800F6A8A7 /* SettingsCell.swift in Sources */ = {isa = PBXBuildFile; fileRef = 82E70EA0273D15C800F6A8A7 /* SettingsCell.swift */; };
		82E70EA32742984F00F6A8A7 /* AgeRangeCell.swift in Sources */ = {isa = PBXBuildFile; fileRef = 82E70EA22742984E00F6A8A7 /* AgeRangeCell.swift */; };
		82E70EAD2743F30700F6A8A7 /* LoginViewModel.swift in Sources */ = {isa = PBXBuildFile; fileRef = 82E70EAC2743F30700F6A8A7 /* LoginViewModel.swift */; };
		82E70EAF2743F33400F6A8A7 /* LoginController.swift in Sources */ = {isa = PBXBuildFile; fileRef = 82E70EAE2743F33400F6A8A7 /* LoginController.swift */; };
		849B0D812755FACD00CE8D9A /* GoogleService-Info.plist in Resources */ = {isa = PBXBuildFile; fileRef = 849B0D802755FACD00CE8D9A /* GoogleService-Info.plist */; };
		FC40AD96D1E3D428E79717CA /* Pods_LoshicaTinder.framework in Frameworks */ = {isa = PBXBuildFile; fileRef = BCAE4E9512408227D79C6481 /* Pods_LoshicaTinder.framework */; };
/* End PBXBuildFile section */

/* Begin PBXFileReference section */
		826FC4D51ADB0BBAE43C216C /* Pods-LoshicaTinder.release.xcconfig */ = {isa = PBXFileReference; includeInIndex = 1; lastKnownFileType = text.xcconfig; name = "Pods-LoshicaTinder.release.xcconfig"; path = "Target Support Files/Pods-LoshicaTinder/Pods-LoshicaTinder.release.xcconfig"; sourceTree = "<group>"; };
		82755C19274E63880018B691 /* MatchView.swift */ = {isa = PBXFileReference; lastKnownFileType = sourcecode.swift; path = MatchView.swift; sourceTree = "<group>"; };
		82755C1B274F71A80018B691 /* SendMessageButton.swift */ = {isa = PBXFileReference; lastKnownFileType = sourcecode.swift; path = SendMessageButton.swift; sourceTree = "<group>"; };
		82755C1D274F78DF0018B691 /* KeepSwipingButton.swift */ = {isa = PBXFileReference; lastKnownFileType = sourcecode.swift; path = KeepSwipingButton.swift; sourceTree = "<group>"; };
		82755C202750CD050018B691 /* MatchMessagesController.swift */ = {isa = PBXFileReference; lastKnownFileType = sourcecode.swift; path = MatchMessagesController.swift; sourceTree = "<group>"; };
		82755C222750DB380018B691 /* UILabel.swift */ = {isa = PBXFileReference; lastKnownFileType = sourcecode.swift; path = UILabel.swift; sourceTree = "<group>"; };
		82755C242754AE3E0018B691 /* MatchesTopNavigationBar.swift */ = {isa = PBXFileReference; lastKnownFileType = sourcecode.swift; path = MatchesTopNavigationBar.swift; sourceTree = "<group>"; };
		827FF1CC2727FAB3007E6B84 /* LoshicaTinder.app */ = {isa = PBXFileReference; explicitFileType = wrapper.application; includeInIndex = 0; path = LoshicaTinder.app; sourceTree = BUILT_PRODUCTS_DIR; };
		827FF1CF2727FAB3007E6B84 /* AppDelegate.swift */ = {isa = PBXFileReference; lastKnownFileType = sourcecode.swift; path = AppDelegate.swift; sourceTree = "<group>"; };
		827FF1D12727FAB3007E6B84 /* SceneDelegate.swift */ = {isa = PBXFileReference; lastKnownFileType = sourcecode.swift; path = SceneDelegate.swift; sourceTree = "<group>"; };
		827FF1D32727FAB3007E6B84 /* HomeController.swift */ = {isa = PBXFileReference; lastKnownFileType = sourcecode.swift; path = HomeController.swift; sourceTree = "<group>"; };
		827FF1D62727FAB3007E6B84 /* Base */ = {isa = PBXFileReference; lastKnownFileType = file.storyboard; name = Base; path = Base.lproj/Main.storyboard; sourceTree = "<group>"; };
		827FF1D82727FAB5007E6B84 /* info_icon.png.xcassets */ = {isa = PBXFileReference; lastKnownFileType = folder.assetcatalog; path = info_icon.png.xcassets; sourceTree = "<group>"; };
		827FF1DB2727FAB5007E6B84 /* Base */ = {isa = PBXFileReference; lastKnownFileType = file.storyboard; name = Base; path = Base.lproj/LaunchScreen.storyboard; sourceTree = "<group>"; };
		827FF1DD2727FAB5007E6B84 /* Info.plist */ = {isa = PBXFileReference; lastKnownFileType = text.plist.xml; path = Info.plist; sourceTree = "<group>"; };
		827FF1E427283BF2007E6B84 /* UIview.swift */ = {isa = PBXFileReference; lastKnownFileType = sourcecode.swift; path = UIview.swift; sourceTree = "<group>"; };
		82BE12CA27292B0200DDE023 /* HomeBottomControlsStackView.swift */ = {isa = PBXFileReference; lastKnownFileType = sourcecode.swift; path = HomeBottomControlsStackView.swift; sourceTree = "<group>"; };
		82BE12CC2729402100DDE023 /* HomeTopNavigationStackView.swift */ = {isa = PBXFileReference; lastKnownFileType = sourcecode.swift; path = HomeTopNavigationStackView.swift; sourceTree = "<group>"; };
		82BE12CE2729565E00DDE023 /* CardView.swift */ = {isa = PBXFileReference; lastKnownFileType = sourcecode.swift; path = CardView.swift; sourceTree = "<group>"; };
		82CC1A6C2744E4C700BA4216 /* UserDetailsController.swift */ = {isa = PBXFileReference; lastKnownFileType = sourcecode.swift; path = UserDetailsController.swift; sourceTree = "<group>"; };
		82CC1A6E2746416B00BA4216 /* CustomTextField.swift */ = {isa = PBXFileReference; lastKnownFileType = sourcecode.swift; path = CustomTextField.swift; sourceTree = "<group>"; };
		82CC1A7027464AEC00BA4216 /* SwipingPhotosController.swift */ = {isa = PBXFileReference; lastKnownFileType = sourcecode.swift; path = SwipingPhotosController.swift; sourceTree = "<group>"; };
		82E70E8C27301A4300F6A8A7 /* User.swift */ = {isa = PBXFileReference; lastKnownFileType = sourcecode.swift; path = User.swift; sourceTree = "<group>"; };
		82E70E902731168A00F6A8A7 /* CardViewModel.swift */ = {isa = PBXFileReference; lastKnownFileType = sourcecode.swift; path = CardViewModel.swift; sourceTree = "<group>"; };
		82E70E9227312EFF00F6A8A7 /* Advertiser.swift */ = {isa = PBXFileReference; lastKnownFileType = sourcecode.swift; path = Advertiser.swift; sourceTree = "<group>"; };
		82E70E942733B7EF00F6A8A7 /* RegistrationController.swift */ = {isa = PBXFileReference; lastKnownFileType = sourcecode.swift; path = RegistrationController.swift; sourceTree = "<group>"; };
		82E70E9827354D2500F6A8A7 /* RegistrationViewModel.swift */ = {isa = PBXFileReference; lastKnownFileType = sourcecode.swift; path = RegistrationViewModel.swift; sourceTree = "<group>"; };
		82E70E9C27395E2E00F6A8A7 /* Observable.swift */ = {isa = PBXFileReference; lastKnownFileType = sourcecode.swift; path = Observable.swift; sourceTree = "<group>"; };
		82E70E9E273CEA2600F6A8A7 /* SettingsController.swift */ = {isa = PBXFileReference; lastKnownFileType = sourcecode.swift; path = SettingsController.swift; sourceTree = "<group>"; };
		82E70EA0273D15C800F6A8A7 /* SettingsCell.swift */ = {isa = PBXFileReference; lastKnownFileType = sourcecode.swift; path = SettingsCell.swift; sourceTree = "<group>"; };
		82E70EA22742984E00F6A8A7 /* AgeRangeCell.swift */ = {isa = PBXFileReference; lastKnownFileType = sourcecode.swift; path = AgeRangeCell.swift; sourceTree = "<group>"; };
		82E70EAC2743F30700F6A8A7 /* LoginViewModel.swift */ = {isa = PBXFileReference; lastKnownFileType = sourcecode.swift; path = LoginViewModel.swift; sourceTree = "<group>"; };
		82E70EAE2743F33400F6A8A7 /* LoginController.swift */ = {isa = PBXFileReference; lastKnownFileType = sourcecode.swift; path = LoginController.swift; sourceTree = "<group>"; };
		849B0D802755FACD00CE8D9A /* GoogleService-Info.plist */ = {isa = PBXFileReference; fileEncoding = 4; lastKnownFileType = text.plist.xml; path = "GoogleService-Info.plist"; sourceTree = "<group>"; };
		BCAE4E9512408227D79C6481 /* Pods_LoshicaTinder.framework */ = {isa = PBXFileReference; explicitFileType = wrapper.framework; includeInIndex = 0; path = Pods_LoshicaTinder.framework; sourceTree = BUILT_PRODUCTS_DIR; };
		BF991AD9D6E6745C906E15B0 /* Pods-LoshicaTinder.debug.xcconfig */ = {isa = PBXFileReference; includeInIndex = 1; lastKnownFileType = text.xcconfig; name = "Pods-LoshicaTinder.debug.xcconfig"; path = "Target Support Files/Pods-LoshicaTinder/Pods-LoshicaTinder.debug.xcconfig"; sourceTree = "<group>"; };
/* End PBXFileReference section */

/* Begin PBXFrameworksBuildPhase section */
		827FF1C92727FAB3007E6B84 /* Frameworks */ = {
			isa = PBXFrameworksBuildPhase;
			buildActionMask = 2147483647;
			files = (
				FC40AD96D1E3D428E79717CA /* Pods_LoshicaTinder.framework in Frameworks */,
			);
			runOnlyForDeploymentPostprocessing = 0;
		};
/* End PBXFrameworksBuildPhase section */

/* Begin PBXGroup section */
		5AAA49B9F77D45A2199BB65A /* Frameworks */ = {
			isa = PBXGroup;
			children = (
				BCAE4E9512408227D79C6481 /* Pods_LoshicaTinder.framework */,
			);
			name = Frameworks;
			sourceTree = "<group>";
		};
		8232036E9CC7E107FA775879 /* Pods */ = {
			isa = PBXGroup;
			children = (
				BF991AD9D6E6745C906E15B0 /* Pods-LoshicaTinder.debug.xcconfig */,
				826FC4D51ADB0BBAE43C216C /* Pods-LoshicaTinder.release.xcconfig */,
			);
			path = Pods;
			sourceTree = "<group>";
		};
		82755C1F2750CCDC0018B691 /* MatchesMessages */ = {
			isa = PBXGroup;
			children = (
				82755C202750CD050018B691 /* MatchMessagesController.swift */,
			);
			path = MatchesMessages;
			sourceTree = "<group>";
		};
		827FF1C32727FAB2007E6B84 = {
			isa = PBXGroup;
			children = (
				827FF1CE2727FAB3007E6B84 /* LoshicaTinder */,
				827FF1CD2727FAB3007E6B84 /* Products */,
				8232036E9CC7E107FA775879 /* Pods */,
				5AAA49B9F77D45A2199BB65A /* Frameworks */,
			);
			sourceTree = "<group>";
		};
		827FF1CD2727FAB3007E6B84 /* Products */ = {
			isa = PBXGroup;
			children = (
				827FF1CC2727FAB3007E6B84 /* LoshicaTinder.app */,
			);
			name = Products;
			sourceTree = "<group>";
		};
		827FF1CE2727FAB3007E6B84 /* LoshicaTinder */ = {
			isa = PBXGroup;
			children = (
				82E70E8F2731167100F6A8A7 /* ViewModels */,
				82E70E8B27301A3200F6A8A7 /* Model */,
				82BE12C927292ACC00DDE023 /* Views */,
				82E70E8E2731155400F6A8A7 /* Controllers */,
				827FF1E327280230007E6B84 /* Extensions */,
				827FF1CF2727FAB3007E6B84 /* AppDelegate.swift */,
				827FF1D12727FAB3007E6B84 /* SceneDelegate.swift */,
				827FF1D52727FAB3007E6B84 /* Main.storyboard */,
				849B0D802755FACD00CE8D9A /* GoogleService-Info.plist */,
				827FF1D82727FAB5007E6B84 /* info_icon.png.xcassets */,
				827FF1DA2727FAB5007E6B84 /* LaunchScreen.storyboard */,
				827FF1DD2727FAB5007E6B84 /* Info.plist */,
			);
			path = LoshicaTinder;
			sourceTree = "<group>";
		};
		827FF1E327280230007E6B84 /* Extensions */ = {
			isa = PBXGroup;
			children = (
				827FF1E427283BF2007E6B84 /* UIview.swift */,
				82755C222750DB380018B691 /* UILabel.swift */,
			);
			path = Extensions;
			sourceTree = "<group>";
		};
		82BE12C927292ACC00DDE023 /* Views */ = {
			isa = PBXGroup;
			children = (
				82BE12CA27292B0200DDE023 /* HomeBottomControlsStackView.swift */,
				82BE12CC2729402100DDE023 /* HomeTopNavigationStackView.swift */,
				82BE12CE2729565E00DDE023 /* CardView.swift */,
				82E70EA0273D15C800F6A8A7 /* SettingsCell.swift */,
				82E70EA22742984E00F6A8A7 /* AgeRangeCell.swift */,
				82CC1A6E2746416B00BA4216 /* CustomTextField.swift */,
				82CC1A7027464AEC00BA4216 /* SwipingPhotosController.swift */,
				82755C19274E63880018B691 /* MatchView.swift */,
				82755C1B274F71A80018B691 /* SendMessageButton.swift */,
				82755C1D274F78DF0018B691 /* KeepSwipingButton.swift */,
				82755C242754AE3E0018B691 /* MatchesTopNavigationBar.swift */,
			);
			path = Views;
			sourceTree = "<group>";
		};
		82E70E8B27301A3200F6A8A7 /* Model */ = {
			isa = PBXGroup;
			children = (
				82E70E8C27301A4300F6A8A7 /* User.swift */,
				82E70E9227312EFF00F6A8A7 /* Advertiser.swift */,
			);
			path = Model;
			sourceTree = "<group>";
		};
		82E70E8E2731155400F6A8A7 /* Controllers */ = {
			isa = PBXGroup;
			children = (
				82755C1F2750CCDC0018B691 /* MatchesMessages */,
				827FF1D32727FAB3007E6B84 /* HomeController.swift */,
				82E70E942733B7EF00F6A8A7 /* RegistrationController.swift */,
				82E70E9E273CEA2600F6A8A7 /* SettingsController.swift */,
				82E70EAE2743F33400F6A8A7 /* LoginController.swift */,
				82CC1A6C2744E4C700BA4216 /* UserDetailsController.swift */,
			);
			path = Controllers;
			sourceTree = "<group>";
		};
		82E70E8F2731167100F6A8A7 /* ViewModels */ = {
			isa = PBXGroup;
			children = (
				82E70E902731168A00F6A8A7 /* CardViewModel.swift */,
				82E70E9827354D2500F6A8A7 /* RegistrationViewModel.swift */,
				82E70EAC2743F30700F6A8A7 /* LoginViewModel.swift */,
				82E70E9C27395E2E00F6A8A7 /* Observable.swift */,
			);
			path = ViewModels;
			sourceTree = "<group>";
		};
/* End PBXGroup section */

/* Begin PBXNativeTarget section */
		827FF1CB2727FAB3007E6B84 /* LoshicaTinder */ = {
			isa = PBXNativeTarget;
			buildConfigurationList = 827FF1E02727FAB5007E6B84 /* Build configuration list for PBXNativeTarget "LoshicaTinder" */;
			buildPhases = (
				329C8C0573866C6CA02548B5 /* [CP] Check Pods Manifest.lock */,
				827FF1C82727FAB3007E6B84 /* Sources */,
				827FF1C92727FAB3007E6B84 /* Frameworks */,
				827FF1CA2727FAB3007E6B84 /* Resources */,
				5BEC4F98E31B86CD5379943A /* [CP] Embed Pods Frameworks */,
			);
			buildRules = (
			);
			dependencies = (
			);
			name = LoshicaTinder;
			productName = SwipeFoodFirestore;
			productReference = 827FF1CC2727FAB3007E6B84 /* LoshicaTinder.app */;
			productType = "com.apple.product-type.application";
		};
/* End PBXNativeTarget section */

/* Begin PBXProject section */
		827FF1C42727FAB2007E6B84 /* Project object */ = {
			isa = PBXProject;
			attributes = {
				BuildIndependentTargetsInParallel = 1;
				LastSwiftUpdateCheck = 1300;
				LastUpgradeCheck = 1300;
				TargetAttributes = {
					827FF1CB2727FAB3007E6B84 = {
						CreatedOnToolsVersion = 13.0;
					};
				};
			};
			buildConfigurationList = 827FF1C72727FAB2007E6B84 /* Build configuration list for PBXProject "LoshicaTinder" */;
			compatibilityVersion = "Xcode 13.0";
			developmentRegion = en;
			hasScannedForEncodings = 0;
			knownRegions = (
				en,
				Base,
			);
			mainGroup = 827FF1C32727FAB2007E6B84;
			productRefGroup = 827FF1CD2727FAB3007E6B84 /* Products */;
			projectDirPath = "";
			projectRoot = "";
			targets = (
				827FF1CB2727FAB3007E6B84 /* LoshicaTinder */,
			);
		};
/* End PBXProject section */

/* Begin PBXResourcesBuildPhase section */
		827FF1CA2727FAB3007E6B84 /* Resources */ = {
			isa = PBXResourcesBuildPhase;
			buildActionMask = 2147483647;
			files = (
				827FF1DC2727FAB5007E6B84 /* LaunchScreen.storyboard in Resources */,
				849B0D812755FACD00CE8D9A /* GoogleService-Info.plist in Resources */,
				827FF1D92727FAB5007E6B84 /* info_icon.png.xcassets in Resources */,
				827FF1D72727FAB3007E6B84 /* Main.storyboard in Resources */,
			);
			runOnlyForDeploymentPostprocessing = 0;
		};
/* End PBXResourcesBuildPhase section */

/* Begin PBXShellScriptBuildPhase section */
		329C8C0573866C6CA02548B5 /* [CP] Check Pods Manifest.lock */ = {
			isa = PBXShellScriptBuildPhase;
			buildActionMask = 2147483647;
			files = (
			);
			inputFileListPaths = (
			);
			inputPaths = (
				"${PODS_PODFILE_DIR_PATH}/Podfile.lock",
				"${PODS_ROOT}/Manifest.lock",
			);
			name = "[CP] Check Pods Manifest.lock";
			outputFileListPaths = (
			);
			outputPaths = (
				"$(DERIVED_FILE_DIR)/Pods-LoshicaTinder-checkManifestLockResult.txt",
			);
			runOnlyForDeploymentPostprocessing = 0;
			shellPath = /bin/sh;
			shellScript = "diff \"${PODS_PODFILE_DIR_PATH}/Podfile.lock\" \"${PODS_ROOT}/Manifest.lock\" > /dev/null\nif [ $? != 0 ] ; then\n    # print error to STDERR\n    echo \"error: The sandbox is not in sync with the Podfile.lock. Run 'pod install' or update your CocoaPods installation.\" >&2\n    exit 1\nfi\n# This output is used by Xcode 'outputs' to avoid re-running this script phase.\necho \"SUCCESS\" > \"${SCRIPT_OUTPUT_FILE_0}\"\n";
			showEnvVarsInLog = 0;
		};
		5BEC4F98E31B86CD5379943A /* [CP] Embed Pods Frameworks */ = {
			isa = PBXShellScriptBuildPhase;
			buildActionMask = 2147483647;
			files = (
			);
			inputFileListPaths = (
				"${PODS_ROOT}/Target Support Files/Pods-LoshicaTinder/Pods-LoshicaTinder-frameworks-${CONFIGURATION}-input-files.xcfilelist",
			);
			name = "[CP] Embed Pods Frameworks";
			outputFileListPaths = (
				"${PODS_ROOT}/Target Support Files/Pods-LoshicaTinder/Pods-LoshicaTinder-frameworks-${CONFIGURATION}-output-files.xcfilelist",
			);
			runOnlyForDeploymentPostprocessing = 0;
			shellPath = /bin/sh;
			shellScript = "\"${PODS_ROOT}/Target Support Files/Pods-LoshicaTinder/Pods-LoshicaTinder-frameworks.sh\"\n";
			showEnvVarsInLog = 0;
		};
/* End PBXShellScriptBuildPhase section */

/* Begin PBXSourcesBuildPhase section */
		827FF1C82727FAB3007E6B84 /* Sources */ = {
			isa = PBXSourcesBuildPhase;
			buildActionMask = 2147483647;
			files = (
				82E70EAF2743F33400F6A8A7 /* LoginController.swift in Sources */,
				82BE12CF2729565E00DDE023 /* CardView.swift in Sources */,
				82E70E9327312EFF00F6A8A7 /* Advertiser.swift in Sources */,
				827FF1D42727FAB3007E6B84 /* HomeController.swift in Sources */,
				82CC1A6F2746416B00BA4216 /* CustomTextField.swift in Sources */,
				82755C212750CD050018B691 /* MatchMessagesController.swift in Sources */,
				827FF1D02727FAB3007E6B84 /* AppDelegate.swift in Sources */,
				82755C252754AE3E0018B691 /* MatchesTopNavigationBar.swift in Sources */,
				82BE12CB27292B0200DDE023 /* HomeBottomControlsStackView.swift in Sources */,
				82E70EA32742984F00F6A8A7 /* AgeRangeCell.swift in Sources */,
				82CC1A6D2744E4C700BA4216 /* UserDetailsController.swift in Sources */,
				82E70E8D27301A4300F6A8A7 /* User.swift in Sources */,
				82755C1A274E63880018B691 /* MatchView.swift in Sources */,
				82E70E9F273CEA2600F6A8A7 /* SettingsController.swift in Sources */,
				82E70E952733B7F000F6A8A7 /* RegistrationController.swift in Sources */,
				82755C232750DB380018B691 /* UILabel.swift in Sources */,
				82BE12CD2729402100DDE023 /* HomeTopNavigationStackView.swift in Sources */,
				82755C1C274F71A80018B691 /* SendMessageButton.swift in Sources */,
				82E70E9D27395E2E00F6A8A7 /* Observable.swift in Sources */,
				82E70E9927354D2500F6A8A7 /* RegistrationViewModel.swift in Sources */,
				827FF1E527283BF2007E6B84 /* UIview.swift in Sources */,
				827FF1D22727FAB3007E6B84 /* SceneDelegate.swift in Sources */,
				82E70EA1273D15C800F6A8A7 /* SettingsCell.swift in Sources */,
				82755C1E274F78DF0018B691 /* KeepSwipingButton.swift in Sources */,
				82E70EAD2743F30700F6A8A7 /* LoginViewModel.swift in Sources */,
				82E70E912731168A00F6A8A7 /* CardViewModel.swift in Sources */,
				82CC1A7127464AEC00BA4216 /* SwipingPhotosController.swift in Sources */,
			);
			runOnlyForDeploymentPostprocessing = 0;
		};
/* End PBXSourcesBuildPhase section */

/* Begin PBXVariantGroup section */
		827FF1D52727FAB3007E6B84 /* Main.storyboard */ = {
			isa = PBXVariantGroup;
			children = (
				827FF1D62727FAB3007E6B84 /* Base */,
			);
			name = Main.storyboard;
			sourceTree = "<group>";
		};
		827FF1DA2727FAB5007E6B84 /* LaunchScreen.storyboard */ = {
			isa = PBXVariantGroup;
			children = (
				827FF1DB2727FAB5007E6B84 /* Base */,
			);
			name = LaunchScreen.storyboard;
			sourceTree = "<group>";
		};
/* End PBXVariantGroup section */

/* Begin XCBuildConfiguration section */
		827FF1DE2727FAB5007E6B84 /* Debug */ = {
			isa = XCBuildConfiguration;
			buildSettings = {
				ALWAYS_SEARCH_USER_PATHS = NO;
				CLANG_ANALYZER_NONNULL = YES;
				CLANG_ANALYZER_NUMBER_OBJECT_CONVERSION = YES_AGGRESSIVE;
				CLANG_CXX_LANGUAGE_STANDARD = "gnu++17";
				CLANG_CXX_LIBRARY = "libc++";
				CLANG_ENABLE_MODULES = YES;
				CLANG_ENABLE_OBJC_ARC = YES;
				CLANG_ENABLE_OBJC_WEAK = YES;
				CLANG_WARN_BLOCK_CAPTURE_AUTORELEASING = YES;
				CLANG_WARN_BOOL_CONVERSION = YES;
				CLANG_WARN_COMMA = YES;
				CLANG_WARN_CONSTANT_CONVERSION = YES;
				CLANG_WARN_DEPRECATED_OBJC_IMPLEMENTATIONS = YES;
				CLANG_WARN_DIRECT_OBJC_ISA_USAGE = YES_ERROR;
				CLANG_WARN_DOCUMENTATION_COMMENTS = YES;
				CLANG_WARN_EMPTY_BODY = YES;
				CLANG_WARN_ENUM_CONVERSION = YES;
				CLANG_WARN_INFINITE_RECURSION = YES;
				CLANG_WARN_INT_CONVERSION = YES;
				CLANG_WARN_NON_LITERAL_NULL_CONVERSION = YES;
				CLANG_WARN_OBJC_IMPLICIT_RETAIN_SELF = YES;
				CLANG_WARN_OBJC_LITERAL_CONVERSION = YES;
				CLANG_WARN_OBJC_ROOT_CLASS = YES_ERROR;
				CLANG_WARN_QUOTED_INCLUDE_IN_FRAMEWORK_HEADER = YES;
				CLANG_WARN_RANGE_LOOP_ANALYSIS = YES;
				CLANG_WARN_STRICT_PROTOTYPES = YES;
				CLANG_WARN_SUSPICIOUS_MOVE = YES;
				CLANG_WARN_UNGUARDED_AVAILABILITY = YES_AGGRESSIVE;
				CLANG_WARN_UNREACHABLE_CODE = YES;
				CLANG_WARN__DUPLICATE_METHOD_MATCH = YES;
				COPY_PHASE_STRIP = NO;
				DEBUG_INFORMATION_FORMAT = dwarf;
				ENABLE_STRICT_OBJC_MSGSEND = YES;
				ENABLE_TESTABILITY = YES;
				GCC_C_LANGUAGE_STANDARD = gnu11;
				GCC_DYNAMIC_NO_PIC = NO;
				GCC_NO_COMMON_BLOCKS = YES;
				GCC_OPTIMIZATION_LEVEL = 0;
				GCC_PREPROCESSOR_DEFINITIONS = (
					"DEBUG=1",
					"$(inherited)",
				);
				GCC_WARN_64_TO_32_BIT_CONVERSION = YES;
				GCC_WARN_ABOUT_RETURN_TYPE = YES_ERROR;
				GCC_WARN_UNDECLARED_SELECTOR = YES;
				GCC_WARN_UNINITIALIZED_AUTOS = YES_AGGRESSIVE;
				GCC_WARN_UNUSED_FUNCTION = YES;
				GCC_WARN_UNUSED_VARIABLE = YES;
				IPHONEOS_DEPLOYMENT_TARGET = 15.0;
				MTL_ENABLE_DEBUG_INFO = INCLUDE_SOURCE;
				MTL_FAST_MATH = YES;
				ONLY_ACTIVE_ARCH = YES;
				SDKROOT = iphoneos;
				SWIFT_ACTIVE_COMPILATION_CONDITIONS = DEBUG;
				SWIFT_OPTIMIZATION_LEVEL = "-Onone";
			};
			name = Debug;
		};
		827FF1DF2727FAB5007E6B84 /* Release */ = {
			isa = XCBuildConfiguration;
			buildSettings = {
				ALWAYS_SEARCH_USER_PATHS = NO;
				CLANG_ANALYZER_NONNULL = YES;
				CLANG_ANALYZER_NUMBER_OBJECT_CONVERSION = YES_AGGRESSIVE;
				CLANG_CXX_LANGUAGE_STANDARD = "gnu++17";
				CLANG_CXX_LIBRARY = "libc++";
				CLANG_ENABLE_MODULES = YES;
				CLANG_ENABLE_OBJC_ARC = YES;
				CLANG_ENABLE_OBJC_WEAK = YES;
				CLANG_WARN_BLOCK_CAPTURE_AUTORELEASING = YES;
				CLANG_WARN_BOOL_CONVERSION = YES;
				CLANG_WARN_COMMA = YES;
				CLANG_WARN_CONSTANT_CONVERSION = YES;
				CLANG_WARN_DEPRECATED_OBJC_IMPLEMENTATIONS = YES;
				CLANG_WARN_DIRECT_OBJC_ISA_USAGE = YES_ERROR;
				CLANG_WARN_DOCUMENTATION_COMMENTS = YES;
				CLANG_WARN_EMPTY_BODY = YES;
				CLANG_WARN_ENUM_CONVERSION = YES;
				CLANG_WARN_INFINITE_RECURSION = YES;
				CLANG_WARN_INT_CONVERSION = YES;
				CLANG_WARN_NON_LITERAL_NULL_CONVERSION = YES;
				CLANG_WARN_OBJC_IMPLICIT_RETAIN_SELF = YES;
				CLANG_WARN_OBJC_LITERAL_CONVERSION = YES;
				CLANG_WARN_OBJC_ROOT_CLASS = YES_ERROR;
				CLANG_WARN_QUOTED_INCLUDE_IN_FRAMEWORK_HEADER = YES;
				CLANG_WARN_RANGE_LOOP_ANALYSIS = YES;
				CLANG_WARN_STRICT_PROTOTYPES = YES;
				CLANG_WARN_SUSPICIOUS_MOVE = YES;
				CLANG_WARN_UNGUARDED_AVAILABILITY = YES_AGGRESSIVE;
				CLANG_WARN_UNREACHABLE_CODE = YES;
				CLANG_WARN__DUPLICATE_METHOD_MATCH = YES;
				COPY_PHASE_STRIP = NO;
				DEBUG_INFORMATION_FORMAT = "dwarf-with-dsym";
				ENABLE_NS_ASSERTIONS = NO;
				ENABLE_STRICT_OBJC_MSGSEND = YES;
				GCC_C_LANGUAGE_STANDARD = gnu11;
				GCC_NO_COMMON_BLOCKS = YES;
				GCC_WARN_64_TO_32_BIT_CONVERSION = YES;
				GCC_WARN_ABOUT_RETURN_TYPE = YES_ERROR;
				GCC_WARN_UNDECLARED_SELECTOR = YES;
				GCC_WARN_UNINITIALIZED_AUTOS = YES_AGGRESSIVE;
				GCC_WARN_UNUSED_FUNCTION = YES;
				GCC_WARN_UNUSED_VARIABLE = YES;
				IPHONEOS_DEPLOYMENT_TARGET = 15.0;
				MTL_ENABLE_DEBUG_INFO = NO;
				MTL_FAST_MATH = YES;
				SDKROOT = iphoneos;
				SWIFT_COMPILATION_MODE = wholemodule;
				SWIFT_OPTIMIZATION_LEVEL = "-O";
				VALIDATE_PRODUCT = YES;
			};
			name = Release;
		};
		827FF1E12727FAB5007E6B84 /* Debug */ = {
			isa = XCBuildConfiguration;
			baseConfigurationReference = BF991AD9D6E6745C906E15B0 /* Pods-LoshicaTinder.debug.xcconfig */;
			buildSettings = {
				ASSETCATALOG_COMPILER_APPICON_NAME = AppIcon;
				ASSETCATALOG_COMPILER_GLOBAL_ACCENT_COLOR_NAME = AccentColor;
				CODE_SIGN_STYLE = Automatic;
				CURRENT_PROJECT_VERSION = 1;
				DEVELOPMENT_TEAM = DB6K9AT64H;
				GENERATE_INFOPLIST_FILE = YES;
				INFOPLIST_FILE = LoshicaTinder/Info.plist;
				INFOPLIST_KEY_CFBundleDisplayName = LoshicaTinder;
				INFOPLIST_KEY_UIApplicationSupportsIndirectInputEvents = YES;
				INFOPLIST_KEY_UILaunchStoryboardName = LaunchScreen;
				INFOPLIST_KEY_UIMainStoryboardFile = Main;
				INFOPLIST_KEY_UISupportedInterfaceOrientations_iPad = "UIInterfaceOrientationPortrait UIInterfaceOrientationPortraitUpsideDown UIInterfaceOrientationLandscapeLeft UIInterfaceOrientationLandscapeRight";
				INFOPLIST_KEY_UISupportedInterfaceOrientations_iPhone = "UIInterfaceOrientationPortrait UIInterfaceOrientationLandscapeLeft UIInterfaceOrientationLandscapeRight";
				LD_RUNPATH_SEARCH_PATHS = (
					"$(inherited)",
					"@executable_path/Frameworks",
				);
				MARKETING_VERSION = 1.0;
				PRODUCT_BUNDLE_IDENTIFIER = Shirayo.LoshicaTinder;
				PRODUCT_NAME = "$(TARGET_NAME)";
				SWIFT_EMIT_LOC_STRINGS = YES;
				SWIFT_VERSION = 5.0;
				TARGETED_DEVICE_FAMILY = "1,2";
			};
			name = Debug;
		};
		827FF1E22727FAB5007E6B84 /* Release */ = {
			isa = XCBuildConfiguration;
			baseConfigurationReference = 826FC4D51ADB0BBAE43C216C /* Pods-LoshicaTinder.release.xcconfig */;
			buildSettings = {
				ASSETCATALOG_COMPILER_APPICON_NAME = AppIcon;
				ASSETCATALOG_COMPILER_GLOBAL_ACCENT_COLOR_NAME = AccentColor;
				CODE_SIGN_STYLE = Automatic;
				CURRENT_PROJECT_VERSION = 1;
				DEVELOPMENT_TEAM = DB6K9AT64H;
				GENERATE_INFOPLIST_FILE = YES;
				INFOPLIST_FILE = LoshicaTinder/Info.plist;
				INFOPLIST_KEY_CFBundleDisplayName = LoshicaTinder;
				INFOPLIST_KEY_UIApplicationSupportsIndirectInputEvents = YES;
				INFOPLIST_KEY_UILaunchStoryboardName = LaunchScreen;
				INFOPLIST_KEY_UIMainStoryboardFile = Main;
				INFOPLIST_KEY_UISupportedInterfaceOrientations_iPad = "UIInterfaceOrientationPortrait UIInterfaceOrientationPortraitUpsideDown UIInterfaceOrientationLandscapeLeft UIInterfaceOrientationLandscapeRight";
				INFOPLIST_KEY_UISupportedInterfaceOrientations_iPhone = "UIInterfaceOrientationPortrait UIInterfaceOrientationLandscapeLeft UIInterfaceOrientationLandscapeRight";
				LD_RUNPATH_SEARCH_PATHS = (
					"$(inherited)",
					"@executable_path/Frameworks",
				);
				MARKETING_VERSION = 1.0;
				PRODUCT_BUNDLE_IDENTIFIER = Shirayo.LoshicaTinder;
				PRODUCT_NAME = "$(TARGET_NAME)";
				SWIFT_EMIT_LOC_STRINGS = YES;
				SWIFT_VERSION = 5.0;
				TARGETED_DEVICE_FAMILY = "1,2";
			};
			name = Release;
		};
/* End XCBuildConfiguration section */

/* Begin XCConfigurationList section */
		827FF1C72727FAB2007E6B84 /* Build configuration list for PBXProject "LoshicaTinder" */ = {
			isa = XCConfigurationList;
			buildConfigurations = (
				827FF1DE2727FAB5007E6B84 /* Debug */,
				827FF1DF2727FAB5007E6B84 /* Release */,
			);
			defaultConfigurationIsVisible = 0;
			defaultConfigurationName = Release;
		};
		827FF1E02727FAB5007E6B84 /* Build configuration list for PBXNativeTarget "LoshicaTinder" */ = {
			isa = XCConfigurationList;
			buildConfigurations = (
				827FF1E12727FAB5007E6B84 /* Debug */,
				827FF1E22727FAB5007E6B84 /* Release */,
			);
			defaultConfigurationIsVisible = 0;
			defaultConfigurationName = Release;
		};
/* End XCConfigurationList section */
	};
	rootObject = 827FF1C42727FAB2007E6B84 /* Project object */;
}
